
Microsoft Visual Studio Solution File, Format Version 12.00
# Visual Studio Version 17
VisualStudioVersion = 17.1.32210.238
MinimumVisualStudioVersion = 10.0.40219.1
Project("{FAE04EC0-301F-11D3-BF4B-00C04F79EFBC}") = "practic6", "practic6\practic6.csproj", "{4CD732C1-23EB-4CD4-A453-A01F5F62951E}"
EndProject
Global
	GlobalSection(SolutionConfigurationPlatforms) = preSolution
		Debug|Any CPU = Debug|Any CPU
		Release|Any CPU = Release|Any CPU
	EndGlobalSection
	GlobalSection(ProjectConfigurationPlatforms) = postSolution
		{4CD732C1-23EB-4CD4-A453-A01F5F62951E}.Debug|Any CPU.ActiveCfg = Debug|Any CPU
		{4CD732C1-23EB-4CD4-A453-A01F5F62951E}.Debug|Any CPU.Build.0 = Debug|Any CPU
		{4CD732C1-23EB-4CD4-A453-A01F5F62951E}.Release|Any CPU.ActiveCfg = Release|Any CPU
		{4CD732C1-23EB-4CD4-A453-A01F5F62951E}.Release|Any CPU.Build.0 = Release|Any CPU
	EndGlobalSection
	GlobalSection(SolutionProperties) = preSolution
		HideSolutionNode = FALSE
	EndGlobalSection
	GlobalSection(ExtensibilityGlobals) = postSolution
		SolutionGuid = {BBC67F3A-8FC9-4A71-B600-89135E4C0D5D}
	EndGlobalSection
EndGlobal
